Microsoft Visual Studio Solution File, Format Version 12.00
# Visual Studio Version 17
VisualStudioVersion = 17.9.34616.47
MinimumVisualStudioVersion = 10.0.40219.1
Project("{FAE04EC0-301F-11D3-BF4B-00C04F79EFBC}") = "CrawlerCore", "CrawlerCore\CrawlerCore.csproj", "{B6A4D9E8-9F93-4D58-84A4-1A9A7EE53A0F}"
EndProject
Project("{FAE04EC0-301F-11D3-BF4B-00C04F79EFBC}") = "CrawlerApp.Wpf", "CrawlerApp.Wpf\CrawlerApp.Wpf.csproj", "{5F9C2E8D-8F45-4C33-9BAE-9FBD9C6C6C1C}"
EndProject
Project("{FAE04EC0-301F-11D3-BF4B-00C04F79EFBC}") = "CrawlerCore.Tests", "CrawlerCore.Tests\CrawlerCore.Tests.csproj", "{8C9E8DE8-97F7-4D68-AC4B-0D4D4EDC9EB9}"
EndProject
Global
	GlobalSection(SolutionConfigurationPlatforms) = preSolution
		Debug|Any CPU = Debug|Any CPU
		Release|Any CPU = Release|Any CPU
	EndGlobalSection
	GlobalSection(ProjectConfigurationPlatforms) = postSolution
		{B6A4D9E8-9F93-4D58-84A4-1A9A7EE53A0F}.Debug|Any CPU.ActiveCfg = Debug|Any CPU
		{B6A4D9E8-9F93-4D58-84A4-1A9A7EE53A0F}.Debug|Any CPU.Build.0 = Debug|Any CPU
		{B6A4D9E8-9F93-4D58-84A4-1A9A7EE53A0F}.Release|Any CPU.ActiveCfg = Release|Any CPU
		{B6A4D9E8-9F93-4D58-84A4-1A9A7EE53A0F}.Release|Any CPU.Build.0 = Release|Any CPU
		{5F9C2E8D-8F45-4C33-9BAE-9FBD9C6C6C1C}.Debug|Any CPU.ActiveCfg = Debug|Any CPU
		{5F9C2E8D-8F45-4C33-9BAE-9FBD9C6C6C1C}.Debug|Any CPU.Build.0 = Debug|Any CPU
		{5F9C2E8D-8F45-4C33-9BAE-9FBD9C6C6C1C}.Release|Any CPU.ActiveCfg = Release|Any CPU
		{5F9C2E8D-8F45-4C33-9BAE-9FBD9C6C6C1C}.Release|Any CPU.Build.0 = Release|Any CPU
		{8C9E8DE8-97F7-4D68-AC4B-0D4D4EDC9EB9}.Debug|Any CPU.ActiveCfg = Debug|Any CPU
		{8C9E8DE8-97F7-4D68-AC4B-0D4D4EDC9EB9}.Debug|Any CPU.Build.0 = Debug|Any CPU
		{8C9E8DE8-97F7-4D68-AC4B-0D4D4EDC9EB9}.Release|Any CPU.ActiveCfg = Release|Any CPU
		{8C9E8DE8-97F7-4D68-AC4B-0D4D4EDC9EB9}.Release|Any CPU.Build.0 = Release|Any CPU
	EndGlobalSection
EndGlobal
